// !$*UTF8*$!
{
	archiveVersion = 1;
	classes = {
	};
	objectVersion = 55;
	objects = {

/* Begin PBXBuildFile section */
		920E02D82849452D009AED8F /* AppDelegate.swift in Sources */ = {isa = PBXBuildFile; fileRef = 920E02D72849452D009AED8F /* AppDelegate.swift */; };
		920E02DA2849452D009AED8F /* SceneDelegate.swift in Sources */ = {isa = PBXBuildFile; fileRef = 920E02D92849452D009AED8F /* SceneDelegate.swift */; };
		920E02DC2849452D009AED8F /* MainEventsViewController.swift in Sources */ = {isa = PBXBuildFile; fileRef = 920E02DB2849452D009AED8F /* MainEventsViewController.swift */; };
		920E02E12849452E009AED8F /* Assets.xcassets in Resources */ = {isa = PBXBuildFile; fileRef = 920E02E02849452E009AED8F /* Assets.xcassets */; };
		920E02E42849452E009AED8F /* LaunchScreen.storyboard in Resources */ = {isa = PBXBuildFile; fileRef = 920E02E22849452E009AED8F /* LaunchScreen.storyboard */; };
		920E02EF28494E2C009AED8F /* Poppins-Medium.ttf in Resources */ = {isa = PBXBuildFile; fileRef = 920E02EE28494E2C009AED8F /* Poppins-Medium.ttf */; };
		920E02F328495F65009AED8F /* CustomButtonView.swift in Sources */ = {isa = PBXBuildFile; fileRef = 920E02F228495F65009AED8F /* CustomButtonView.swift */; };
		920E02F7284963EC009AED8F /* Poppins-Regular.ttf in Resources */ = {isa = PBXBuildFile; fileRef = 920E02F6284963EC009AED8F /* Poppins-Regular.ttf */; };
		920E02F928496CF1009AED8F /* UIColor+Extension.swift in Sources */ = {isa = PBXBuildFile; fileRef = 920E02F828496CF1009AED8F /* UIColor+Extension.swift */; };
		920E02FE284BFBF8009AED8F /* EventCell.swift in Sources */ = {isa = PBXBuildFile; fileRef = 920E02FD284BFBF8009AED8F /* EventCell.swift */; };
		920E0300284BFC33009AED8F /* EventStruct.swift in Sources */ = {isa = PBXBuildFile; fileRef = 920E02FF284BFC33009AED8F /* EventStruct.swift */; };
		920E0304284CE754009AED8F /* AddEventViewController.swift in Sources */ = {isa = PBXBuildFile; fileRef = 920E0303284CE754009AED8F /* AddEventViewController.swift */; };
		920E0308284CEFA5009AED8F /* NewEventView.swift in Sources */ = {isa = PBXBuildFile; fileRef = 920E0307284CEFA5009AED8F /* NewEventView.swift */; };
		920E030A2853EF27009AED8F /* DetailViewController.swift in Sources */ = {isa = PBXBuildFile; fileRef = 920E03092853EF27009AED8F /* DetailViewController.swift */; };
		920E030C28552B4C009AED8F /* DetailEventView.swift in Sources */ = {isa = PBXBuildFile; fileRef = 920E030B28552B4C009AED8F /* DetailEventView.swift */; };
		920E030E28555362009AED8F /* Date+Extension.swift in Sources */ = {isa = PBXBuildFile; fileRef = 920E030D28555362009AED8F /* Date+Extension.swift */; };
		920E03102858E6DA009AED8F /* UIViewController+Extension.swift in Sources */ = {isa = PBXBuildFile; fileRef = 920E030F2858E6DA009AED8F /* UIViewController+Extension.swift */; };
		920E03122858FBC5009AED8F /* UIView+Extension.swift in Sources */ = {isa = PBXBuildFile; fileRef = 920E03112858FBC5009AED8F /* UIView+Extension.swift */; };
		920E03172859DF2D009AED8F /* UIFont.swift in Sources */ = {isa = PBXBuildFile; fileRef = 920E03162859DF2D009AED8F /* UIFont.swift */; };
/* End PBXBuildFile section */

/* Begin PBXFileReference section */
		920E02D42849452D009AED8F /* UpcomingCalendarApp.app */ = {isa = PBXFileReference; explicitFileType = wrapper.application; includeInIndex = 0; path = UpcomingCalendarApp.app; sourceTree = BUILT_PRODUCTS_DIR; };
		920E02D72849452D009AED8F /* AppDelegate.swift */ = {isa = PBXFileReference; lastKnownFileType = sourcecode.swift; path = AppDelegate.swift; sourceTree = "<group>"; };
		920E02D92849452D009AED8F /* SceneDelegate.swift */ = {isa = PBXFileReference; lastKnownFileType = sourcecode.swift; path = SceneDelegate.swift; sourceTree = "<group>"; };
		920E02DB2849452D009AED8F /* MainEventsViewController.swift */ = {isa = PBXFileReference; lastKnownFileType = sourcecode.swift; path = MainEventsViewController.swift; sourceTree = "<group>"; };
		920E02E02849452E009AED8F /* Assets.xcassets */ = {isa = PBXFileReference; lastKnownFileType = folder.assetcatalog; path = Assets.xcassets; sourceTree = "<group>"; };
		920E02E32849452E009AED8F /* Base */ = {isa = PBXFileReference; lastKnownFileType = file.storyboard; name = Base; path = Base.lproj/LaunchScreen.storyboard; sourceTree = "<group>"; };
		920E02E52849452E009AED8F /* Info.plist */ = {isa = PBXFileReference; lastKnownFileType = text.plist.xml; path = Info.plist; sourceTree = "<group>"; };
		920E02EE28494E2C009AED8F /* Poppins-Medium.ttf */ = {isa = PBXFileReference; lastKnownFileType = file; path = "Poppins-Medium.ttf"; sourceTree = "<group>"; };
		920E02F228495F65009AED8F /* CustomButtonView.swift */ = {isa = PBXFileReference; lastKnownFileType = sourcecode.swift; path = CustomButtonView.swift; sourceTree = "<group>"; };
		920E02F6284963EC009AED8F /* Poppins-Regular.ttf */ = {isa = PBXFileReference; lastKnownFileType = file; path = "Poppins-Regular.ttf"; sourceTree = "<group>"; };
		920E02F828496CF1009AED8F /* UIColor+Extension.swift */ = {isa = PBXFileReference; lastKnownFileType = sourcecode.swift; path = "UIColor+Extension.swift"; sourceTree = "<group>"; };
		920E02FD284BFBF8009AED8F /* EventCell.swift */ = {isa = PBXFileReference; lastKnownFileType = sourcecode.swift; path = EventCell.swift; sourceTree = "<group>"; };
		920E02FF284BFC33009AED8F /* EventStruct.swift */ = {isa = PBXFileReference; lastKnownFileType = sourcecode.swift; path = EventStruct.swift; sourceTree = "<group>"; };
		920E0303284CE754009AED8F /* AddEventViewController.swift */ = {isa = PBXFileReference; lastKnownFileType = sourcecode.swift; path = AddEventViewController.swift; sourceTree = "<group>"; };
		920E0307284CEFA5009AED8F /* NewEventView.swift */ = {isa = PBXFileReference; lastKnownFileType = sourcecode.swift; path = NewEventView.swift; sourceTree = "<group>"; };
		920E03092853EF27009AED8F /* DetailViewController.swift */ = {isa = PBXFileReference; lastKnownFileType = sourcecode.swift; path = DetailViewController.swift; sourceTree = "<group>"; };
		920E030B28552B4C009AED8F /* DetailEventView.swift */ = {isa = PBXFileReference; lastKnownFileType = sourcecode.swift; path = DetailEventView.swift; sourceTree = "<group>"; };
		920E030D28555362009AED8F /* Date+Extension.swift */ = {isa = PBXFileReference; lastKnownFileType = sourcecode.swift; path = "Date+Extension.swift"; sourceTree = "<group>"; };
		920E030F2858E6DA009AED8F /* UIViewController+Extension.swift */ = {isa = PBXFileReference; lastKnownFileType = sourcecode.swift; path = "UIViewController+Extension.swift"; sourceTree = "<group>"; };
		920E03112858FBC5009AED8F /* UIView+Extension.swift */ = {isa = PBXFileReference; lastKnownFileType = sourcecode.swift; path = "UIView+Extension.swift"; sourceTree = "<group>"; };
		920E03162859DF2D009AED8F /* UIFont.swift */ = {isa = PBXFileReference; lastKnownFileType = sourcecode.swift; path = UIFont.swift; sourceTree = "<group>"; };
/* End PBXFileReference section */

/* Begin PBXFrameworksBuildPhase section */
		920E02D12849452D009AED8F /* Frameworks */ = {
			isa = PBXFrameworksBuildPhase;
			buildActionMask = 2147483647;
			files = (
			);
			runOnlyForDeploymentPostprocessing = 0;
		};
/* End PBXFrameworksBuildPhase section */

/* Begin PBXGroup section */
		920E02CB2849452D009AED8F = {
			isa = PBXGroup;
			children = (
				920E02D62849452D009AED8F /* UpcomingCalendarApp */,
				920E02D52849452D009AED8F /* Products */,
			);
			sourceTree = "<group>";
		};
		920E02D52849452D009AED8F /* Products */ = {
			isa = PBXGroup;
			children = (
				920E02D42849452D009AED8F /* UpcomingCalendarApp.app */,
			);
			name = Products;
			sourceTree = "<group>";
		};
		920E02D62849452D009AED8F /* UpcomingCalendarApp */ = {
			isa = PBXGroup;
			children = (
				920E0313285928BC009AED8F /* Model */,
				920E02FC284A4C1C009AED8F /* Views */,
				920E02EB28494664009AED8F /* Controllers */,
				920E02FB284A4BED009AED8F /* Extensions */,
				920E0314285928D2009AED8F /* Cell */,
				920E02FA284A4BDE009AED8F /* Fonts */,
				920E02D72849452D009AED8F /* AppDelegate.swift */,
				920E02D92849452D009AED8F /* SceneDelegate.swift */,
				920E02E02849452E009AED8F /* Assets.xcassets */,
				920E02E22849452E009AED8F /* LaunchScreen.storyboard */,
				920E02E52849452E009AED8F /* Info.plist */,
			);
			path = UpcomingCalendarApp;
			sourceTree = "<group>";
		};
		920E02EB28494664009AED8F /* Controllers */ = {
			isa = PBXGroup;
			children = (
				920E02DB2849452D009AED8F /* MainEventsViewController.swift */,
				920E0303284CE754009AED8F /* AddEventViewController.swift */,
				920E03092853EF27009AED8F /* DetailViewController.swift */,
			);
			path = Controllers;
			sourceTree = "<group>";
		};
		920E02FA284A4BDE009AED8F /* Fonts */ = {
			isa = PBXGroup;
			children = (
				920E02EE28494E2C009AED8F /* Poppins-Medium.ttf */,
				920E02F6284963EC009AED8F /* Poppins-Regular.ttf */,
			);
			path = Fonts;
			sourceTree = "<group>";
		};
		920E02FB284A4BED009AED8F /* Extensions */ = {
			isa = PBXGroup;
			children = (
				920E03162859DF2D009AED8F /* UIFont.swift */,
				920E02F828496CF1009AED8F /* UIColor+Extension.swift */,
				920E030D28555362009AED8F /* Date+Extension.swift */,
				920E030F2858E6DA009AED8F /* UIViewController+Extension.swift */,
				920E03112858FBC5009AED8F /* UIView+Extension.swift */,
			);
			path = Extensions;
			sourceTree = "<group>";
		};
		920E02FC284A4C1C009AED8F /* Views */ = {
			isa = PBXGroup;
			children = (
				920E02F228495F65009AED8F /* CustomButtonView.swift */,
				920E0307284CEFA5009AED8F /* NewEventView.swift */,
				920E030B28552B4C009AED8F /* DetailEventView.swift */,
			);
			path = Views;
			sourceTree = "<group>";
		};
		920E0313285928BC009AED8F /* Model */ = {
			isa = PBXGroup;
			children = (
				920E02FF284BFC33009AED8F /* EventStruct.swift */,
			);
			path = Model;
			sourceTree = "<group>";
		};
		920E0314285928D2009AED8F /* Cell */ = {
			isa = PBXGroup;
			children = (
				920E02FD284BFBF8009AED8F /* EventCell.swift */,
			);
			path = Cell;
			sourceTree = "<group>";
		};
/* End PBXGroup section */

/* Begin PBXNativeTarget section */
		920E02D32849452D009AED8F /* UpcomingCalendarApp */ = {
			isa = PBXNativeTarget;
			buildConfigurationList = 920E02E82849452E009AED8F /* Build configuration list for PBXNativeTarget "UpcomingCalendarApp" */;
			buildPhases = (
				920E02D02849452D009AED8F /* Sources */,
				920E02D12849452D009AED8F /* Frameworks */,
				920E02D22849452D009AED8F /* Resources */,
			);
			buildRules = (
			);
			dependencies = (
			);
			name = UpcomingCalendarApp;
			productName = UpcomingCalendarApp;
			productReference = 920E02D42849452D009AED8F /* UpcomingCalendarApp.app */;
			productType = "com.apple.product-type.application";
		};
/* End PBXNativeTarget section */

/* Begin PBXProject section */
		920E02CC2849452D009AED8F /* Project object */ = {
			isa = PBXProject;
			attributes = {
				BuildIndependentTargetsInParallel = 1;
				LastSwiftUpdateCheck = 1340;
				LastUpgradeCheck = 1340;
				TargetAttributes = {
					920E02D32849452D009AED8F = {
						CreatedOnToolsVersion = 13.4;
					};
				};
			};
			buildConfigurationList = 920E02CF2849452D009AED8F /* Build configuration list for PBXProject "UpcomingCalendarApp" */;
			compatibilityVersion = "Xcode 13.0";
			developmentRegion = en;
			hasScannedForEncodings = 0;
			knownRegions = (
				en,
				Base,
			);
			mainGroup = 920E02CB2849452D009AED8F;
			productRefGroup = 920E02D52849452D009AED8F /* Products */;
			projectDirPath = "";
			projectRoot = "";
			targets = (
				920E02D32849452D009AED8F /* UpcomingCalendarApp */,
			);
		};
/* End PBXProject section */

/* Begin PBXResourcesBuildPhase section */
		920E02D22849452D009AED8F /* Resources */ = {
			isa = PBXResourcesBuildPhase;
			buildActionMask = 2147483647;
			files = (
				920E02EF28494E2C009AED8F /* Poppins-Medium.ttf in Resources */,
				920E02E42849452E009AED8F /* LaunchScreen.storyboard in Resources */,
				920E02E12849452E009AED8F /* Assets.xcassets in Resources */,
				920E02F7284963EC009AED8F /* Poppins-Regular.ttf in Resources */,
			);
			runOnlyForDeploymentPostprocessing = 0;
		};
/* End PBXResourcesBuildPhase section */

/* Begin PBXSourcesBuildPhase section */
		920E02D02849452D009AED8F /* Sources */ = {
			isa = PBXSourcesBuildPhase;
			buildActionMask = 2147483647;
			files = (
				920E030C28552B4C009AED8F /* DetailEventView.swift in Sources */,
				920E030A2853EF27009AED8F /* DetailViewController.swift in Sources */,
				920E030E28555362009AED8F /* Date+Extension.swift in Sources */,
				920E03122858FBC5009AED8F /* UIView+Extension.swift in Sources */,
				920E02F928496CF1009AED8F /* UIColor+Extension.swift in Sources */,
				920E03102858E6DA009AED8F /* UIViewController+Extension.swift in Sources */,
				920E02DC2849452D009AED8F /* MainEventsViewController.swift in Sources */,
				920E0300284BFC33009AED8F /* EventStruct.swift in Sources */,
				920E03172859DF2D009AED8F /* UIFont.swift in Sources */,
				920E02D82849452D009AED8F /* AppDelegate.swift in Sources */,
				920E02DA2849452D009AED8F /* SceneDelegate.swift in Sources */,
				920E02F328495F65009AED8F /* CustomButtonView.swift in Sources */,
				920E0304284CE754009AED8F /* AddEventViewController.swift in Sources */,
				920E0308284CEFA5009AED8F /* NewEventView.swift in Sources */,
				920E02FE284BFBF8009AED8F /* EventCell.swift in Sources */,
			);
			runOnlyForDeploymentPostprocessing = 0;
		};
/* End PBXSourcesBuildPhase section */

/* Begin PBXVariantGroup section */
		920E02E22849452E009AED8F /* LaunchScreen.storyboard */ = {
			isa = PBXVariantGroup;
			children = (
				920E02E32849452E009AED8F /* Base */,
			);
			name = LaunchScreen.storyboard;
			sourceTree = "<group>";
		};
/* End PBXVariantGroup section */

/* Begin XCBuildConfiguration section */
		920E02E62849452E009AED8F /* Debug */ = {
			isa = XCBuildConfiguration;
			buildSettings = {
				ALWAYS_SEARCH_USER_PATHS = NO;
				CLANG_ANALYZER_NONNULL = YES;
				CLANG_ANALYZER_NUMBER_OBJECT_CONVERSION = YES_AGGRESSIVE;
				CLANG_CXX_LANGUAGE_STANDARD = "gnu++17";
				CLANG_ENABLE_MODULES = YES;
				CLANG_ENABLE_OBJC_ARC = YES;
				CLANG_ENABLE_OBJC_WEAK = YES;
				CLANG_WARN_BLOCK_CAPTURE_AUTORELEASING = YES;
				CLANG_WARN_BOOL_CONVERSION = YES;
				CLANG_WARN_COMMA = YES;
				CLANG_WARN_CONSTANT_CONVERSION = YES;
				CLANG_WARN_DEPRECATED_OBJC_IMPLEMENTATIONS = YES;
				CLANG_WARN_DIRECT_OBJC_ISA_USAGE = YES_ERROR;
				CLANG_WARN_DOCUMENTATION_COMMENTS = YES;
				CLANG_WARN_EMPTY_BODY = YES;
				CLANG_WARN_ENUM_CONVERSION = YES;
				CLANG_WARN_INFINITE_RECURSION = YES;
				CLANG_WARN_INT_CONVERSION = YES;
				CLANG_WARN_NON_LITERAL_NULL_CONVERSION = YES;
				CLANG_WARN_OBJC_IMPLICIT_RETAIN_SELF = YES;
				CLANG_WARN_OBJC_LITERAL_CONVERSION = YES;
				CLANG_WARN_OBJC_ROOT_CLASS = YES_ERROR;
				CLANG_WARN_QUOTED_INCLUDE_IN_FRAMEWORK_HEADER = YES;
				CLANG_WARN_RANGE_LOOP_ANALYSIS = YES;
				CLANG_WARN_STRICT_PROTOTYPES = YES;
				CLANG_WARN_SUSPICIOUS_MOVE = YES;
				CLANG_WARN_UNGUARDED_AVAILABILITY = YES_AGGRESSIVE;
				CLANG_WARN_UNREACHABLE_CODE = YES;
				CLANG_WARN__DUPLICATE_METHOD_MATCH = YES;
				COPY_PHASE_STRIP = NO;
				DEBUG_INFORMATION_FORMAT = dwarf;
				ENABLE_STRICT_OBJC_MSGSEND = YES;
				ENABLE_TESTABILITY = YES;
				GCC_C_LANGUAGE_STANDARD = gnu11;
				GCC_DYNAMIC_NO_PIC = NO;
				GCC_NO_COMMON_BLOCKS = YES;
				GCC_OPTIMIZATION_LEVEL = 0;
				GCC_PREPROCESSOR_DEFINITIONS = (
					"DEBUG=1",
					"$(inherited)",
				);
				GCC_WARN_64_TO_32_BIT_CONVERSION = YES;
				GCC_WARN_ABOUT_RETURN_TYPE = YES_ERROR;
				GCC_WARN_UNDECLARED_SELECTOR = YES;
				GCC_WARN_UNINITIALIZED_AUTOS = YES_AGGRESSIVE;
				GCC_WARN_UNUSED_FUNCTION = YES;
				GCC_WARN_UNUSED_VARIABLE = YES;
				IPHONEOS_DEPLOYMENT_TARGET = 15.5;
				MTL_ENABLE_DEBUG_INFO = INCLUDE_SOURCE;
				MTL_FAST_MATH = YES;
				ONLY_ACTIVE_ARCH = YES;
				SDKROOT = iphoneos;
				SWIFT_ACTIVE_COMPILATION_CONDITIONS = DEBUG;
				SWIFT_OPTIMIZATION_LEVEL = "-Onone";
			};
			name = Debug;
		};
		920E02E72849452E009AED8F /* Release */ = {
			isa = XCBuildConfiguration;
			buildSettings = {
				ALWAYS_SEARCH_USER_PATHS = NO;
				CLANG_ANALYZER_NONNULL = YES;
				CLANG_ANALYZER_NUMBER_OBJECT_CONVERSION = YES_AGGRESSIVE;
				CLANG_CXX_LANGUAGE_STANDARD = "gnu++17";
				CLANG_ENABLE_MODULES = YES;
				CLANG_ENABLE_OBJC_ARC = YES;
				CLANG_ENABLE_OBJC_WEAK = YES;
				CLANG_WARN_BLOCK_CAPTURE_AUTORELEASING = YES;
				CLANG_WARN_BOOL_CONVERSION = YES;
				CLANG_WARN_COMMA = YES;
				CLANG_WARN_CONSTANT_CONVERSION = YES;
				CLANG_WARN_DEPRECATED_OBJC_IMPLEMENTATIONS = YES;
				CLANG_WARN_DIRECT_OBJC_ISA_USAGE = YES_ERROR;
				CLANG_WARN_DOCUMENTATION_COMMENTS = YES;
				CLANG_WARN_EMPTY_BODY = YES;
				CLANG_WARN_ENUM_CONVERSION = YES;
				CLANG_WARN_INFINITE_RECURSION = YES;
				CLANG_WARN_INT_CONVERSION = YES;
				CLANG_WARN_NON_LITERAL_NULL_CONVERSION = YES;
				CLANG_WARN_OBJC_IMPLICIT_RETAIN_SELF = YES;
				CLANG_WARN_OBJC_LITERAL_CONVERSION = YES;
				CLANG_WARN_OBJC_ROOT_CLASS = YES_ERROR;
				CLANG_WARN_QUOTED_INCLUDE_IN_FRAMEWORK_HEADER = YES;
				CLANG_WARN_RANGE_LOOP_ANALYSIS = YES;
				CLANG_WARN_STRICT_PROTOTYPES = YES;
				CLANG_WARN_SUSPICIOUS_MOVE = YES;
				CLANG_WARN_UNGUARDED_AVAILABILITY = YES_AGGRESSIVE;
				CLANG_WARN_UNREACHABLE_CODE = YES;
				CLANG_WARN__DUPLICATE_METHOD_MATCH = YES;
				COPY_PHASE_STRIP = NO;
				DEBUG_INFORMATION_FORMAT = "dwarf-with-dsym";
				ENABLE_NS_ASSERTIONS = NO;
				ENABLE_STRICT_OBJC_MSGSEND = YES;
				GCC_C_LANGUAGE_STANDARD = gnu11;
				GCC_NO_COMMON_BLOCKS = YES;
				GCC_WARN_64_TO_32_BIT_CONVERSION = YES;
				GCC_WARN_ABOUT_RETURN_TYPE = YES_ERROR;
				GCC_WARN_UNDECLARED_SELECTOR = YES;
				GCC_WARN_UNINITIALIZED_AUTOS = YES_AGGRESSIVE;
				GCC_WARN_UNUSED_FUNCTION = YES;
				GCC_WARN_UNUSED_VARIABLE = YES;
				IPHONEOS_DEPLOYMENT_TARGET = 15.5;
				MTL_ENABLE_DEBUG_INFO = NO;
				MTL_FAST_MATH = YES;
				SDKROOT = iphoneos;
				SWIFT_COMPILATION_MODE = wholemodule;
				SWIFT_OPTIMIZATION_LEVEL = "-O";
				VALIDATE_PRODUCT = YES;
			};
			name = Release;
		};
		920E02E92849452E009AED8F /* Debug */ = {
			isa = XCBuildConfiguration;
			buildSettings = {
				ASSETCATALOG_COMPILER_APPICON_NAME = AppIcon;
				ASSETCATALOG_COMPILER_GLOBAL_ACCENT_COLOR_NAME = AccentColor;
				CODE_SIGN_STYLE = Automatic;
				CURRENT_PROJECT_VERSION = 1;
				DEVELOPMENT_TEAM = DZ2PGPZR5F;
				GENERATE_INFOPLIST_FILE = YES;
				INFOPLIST_FILE = UpcomingCalendarApp/Info.plist;
				INFOPLIST_KEY_UIApplicationSupportsIndirectInputEvents = YES;
				INFOPLIST_KEY_UILaunchStoryboardName = LaunchScreen;
				INFOPLIST_KEY_UISupportedInterfaceOrientations = UIInterfaceOrientationPortrait;
				INFOPLIST_KEY_UISupportedInterfaceOrientations_iPad = "UIInterfaceOrientationPortrait UIInterfaceOrientationPortraitUpsideDown UIInterfaceOrientationLandscapeLeft UIInterfaceOrientationLandscapeRight";
				INFOPLIST_KEY_UISupportedInterfaceOrientations_iPhone = "UIInterfaceOrientationPortrait UIInterfaceOrientationLandscapeLeft UIInterfaceOrientationLandscapeRight";
				LD_RUNPATH_SEARCH_PATHS = (
					"$(inherited)",
					"@executable_path/Frameworks",
				);
				MARKETING_VERSION = 1.0;
				PRODUCT_BUNDLE_IDENTIFIER = com.konfetacompany.UpcomingCalendarApp;
				PRODUCT_NAME = "$(TARGET_NAME)";
				SWIFT_EMIT_LOC_STRINGS = YES;
				SWIFT_VERSION = 5.0;
				TARGETED_DEVICE_FAMILY = "1,2";
			};
			name = Debug;
		};
		920E02EA2849452E009AED8F /* Release */ = {
			isa = XCBuildConfiguration;
			buildSettings = {
				ASSETCATALOG_COMPILER_APPICON_NAME = AppIcon;
				ASSETCATALOG_COMPILER_GLOBAL_ACCENT_COLOR_NAME = AccentColor;
				CODE_SIGN_STYLE = Automatic;
				CURRENT_PROJECT_VERSION = 1;
				DEVELOPMENT_TEAM = DZ2PGPZR5F;
				GENERATE_INFOPLIST_FILE = YES;
				INFOPLIST_FILE = UpcomingCalendarApp/Info.plist;
				INFOPLIST_KEY_UIApplicationSupportsIndirectInputEvents = YES;
				INFOPLIST_KEY_UILaunchStoryboardName = LaunchScreen;
				INFOPLIST_KEY_UISupportedInterfaceOrientations = UIInterfaceOrientationPortrait;
				INFOPLIST_KEY_UISupportedInterfaceOrientations_iPad = "UIInterfaceOrientationPortrait UIInterfaceOrientationPortraitUpsideDown UIInterfaceOrientationLandscapeLeft UIInterfaceOrientationLandscapeRight";
				INFOPLIST_KEY_UISupportedInterfaceOrientations_iPhone = "UIInterfaceOrientationPortrait UIInterfaceOrientationLandscapeLeft UIInterfaceOrientationLandscapeRight";
				LD_RUNPATH_SEARCH_PATHS = (
					"$(inherited)",
					"@executable_path/Frameworks",
				);
				MARKETING_VERSION = 1.0;
				PRODUCT_BUNDLE_IDENTIFIER = com.konfetacompany.UpcomingCalendarApp;
				PRODUCT_NAME = "$(TARGET_NAME)";
				SWIFT_EMIT_LOC_STRINGS = YES;
				SWIFT_VERSION = 5.0;
				TARGETED_DEVICE_FAMILY = "1,2";
			};
			name = Release;
		};
/* End XCBuildConfiguration section */

/* Begin XCConfigurationList section */
		920E02CF2849452D009AED8F /* Build configuration list for PBXProject "UpcomingCalendarApp" */ = {
			isa = XCConfigurationList;
			buildConfigurations = (
				920E02E62849452E009AED8F /* Debug */,
				920E02E72849452E009AED8F /* Release */,
			);
			defaultConfigurationIsVisible = 0;
			defaultConfigurationName = Release;
		};
		920E02E82849452E009AED8F /* Build configuration list for PBXNativeTarget "UpcomingCalendarApp" */ = {
			isa = XCConfigurationList;
			buildConfigurations = (
				920E02E92849452E009AED8F /* Debug */,
				920E02EA2849452E009AED8F /* Release */,
			);
			defaultConfigurationIsVisible = 0;
			defaultConfigurationName = Release;
		};
/* End XCConfigurationList section */
	};
	rootObject = 920E02CC2849452D009AED8F /* Project object */;
}
